
Microsoft Visual Studio Solution File, Format Version 12.00
# Visual Studio Version 17
VisualStudioVersion = 17.11.35312.102
MinimumVisualStudioVersion = 10.0.40219.1
Project("{FAE04EC0-301F-11D3-BF4B-00C04F79EFBC}") = "KSPBurst", "KSPBurst\KSPBurst.csproj", "{62AF95D6-FE71-485C-92C2-3F6B79F26B28}"
EndProject
Project("{2150E333-8FDC-42A3-9474-1A3956D46DE8}") = "Solution Items", "Solution Items", "{38625DD9-F079-4D4A-9CAC-B9C2A84228D8}"
	ProjectSection(SolutionItems) = preProject
		Changelog.md = Changelog.md
		GameData\000_KSPBurst\KSPBurst.version = GameData\000_KSPBurst\KSPBurst.version
	EndProjectSection
EndProject
Global
	GlobalSection(SolutionConfigurationPlatforms) = preSolution
		Debug|Any CPU = Debug|Any CPU
		Release|Any CPU = Release|Any CPU
	EndGlobalSection
	GlobalSection(ProjectConfigurationPlatforms) = postSolution
		{62AF95D6-FE71-485C-92C2-3F6B79F26B28}.Debug|Any CPU.ActiveCfg = Debug|Any CPU
		{62AF95D6-FE71-485C-92C2-3F6B79F26B28}.Debug|Any CPU.Build.0 = Debug|Any CPU
		{62AF95D6-FE71-485C-92C2-3F6B79F26B28}.Release|Any CPU.ActiveCfg = Release|Any CPU
		{62AF95D6-FE71-485C-92C2-3F6B79F26B28}.Release|Any CPU.Build.0 = Release|Any CPU
	EndGlobalSection
	GlobalSection(SolutionProperties) = preSolution
		HideSolutionNode = FALSE
	EndGlobalSection
	GlobalSection(ExtensibilityGlobals) = postSolution
		SolutionGuid = {8C56A119-E940-4CD8-A759-BE635A2DCF26}
	EndGlobalSection
EndGlobal
